// !$*UTF8*$!
{
	archiveVersion = 1;
	classes = {
	};
	objectVersion = 50;
	objects = {

/* Begin PBXBuildFile section */
		1F1341112409918000C81B30 /* LoginViewController.swift in Sources */ = {isa = PBXBuildFile; fileRef = 1F1341102409918000C81B30 /* LoginViewController.swift */; };
		1F4F3F88240A1AD300899646 /* Register.storyboard in Resources */ = {isa = PBXBuildFile; fileRef = 1F4F3F87240A1AD300899646 /* Register.storyboard */; };
		1F4F3F8A240A1CE700899646 /* RegisterViewController.swift in Sources */ = {isa = PBXBuildFile; fileRef = 1F4F3F89240A1CE700899646 /* RegisterViewController.swift */; };
		1FBAF3C3240AE2DF00BD13EF /* Dashboard.storyboard in Resources */ = {isa = PBXBuildFile; fileRef = 1FBAF3C2240AE2DF00BD13EF /* Dashboard.storyboard */; };
		1FBEE2772408A10E000AD0A6 /* AppDelegate.swift in Sources */ = {isa = PBXBuildFile; fileRef = 1FBEE2762408A10E000AD0A6 /* AppDelegate.swift */; };
		1FBEE2792408A10E000AD0A6 /* SceneDelegate.swift in Sources */ = {isa = PBXBuildFile; fileRef = 1FBEE2782408A10E000AD0A6 /* SceneDelegate.swift */; };
		1FBEE27B2408A10E000AD0A6 /* ViewController.swift in Sources */ = {isa = PBXBuildFile; fileRef = 1FBEE27A2408A10E000AD0A6 /* ViewController.swift */; };
		1FBEE27E2408A10E000AD0A6 /* Main.storyboard in Resources */ = {isa = PBXBuildFile; fileRef = 1FBEE27C2408A10E000AD0A6 /* Main.storyboard */; };
		1FBEE2802408A112000AD0A6 /* Assets.xcassets in Resources */ = {isa = PBXBuildFile; fileRef = 1FBEE27F2408A112000AD0A6 /* Assets.xcassets */; };
		1FBEE2832408A112000AD0A6 /* LaunchScreen.storyboard in Resources */ = {isa = PBXBuildFile; fileRef = 1FBEE2812408A112000AD0A6 /* LaunchScreen.storyboard */; };
		1FED49A42408B8FE00A717D2 /* CoreDataStack.swift in Sources */ = {isa = PBXBuildFile; fileRef = 1FED49A32408B8FE00A717D2 /* CoreDataStack.swift */; };
		1FED49A62408B92500A717D2 /* Plant+Convenience.swift in Sources */ = {isa = PBXBuildFile; fileRef = 1FED49A52408B92500A717D2 /* Plant+Convenience.swift */; };
		1FED49A82408B94B00A717D2 /* PlantController.swift in Sources */ = {isa = PBXBuildFile; fileRef = 1FED49A72408B94B00A717D2 /* PlantController.swift */; };
		E04E804F2408D5E800CFA841 /* Plants.xcdatamodeld in Sources */ = {isa = PBXBuildFile; fileRef = E04E804D2408D5E800CFA841 /* Plants.xcdatamodeld */; };
		E04E80512408DF5C00CFA841 /* PlantRepresentation.swift in Sources */ = {isa = PBXBuildFile; fileRef = E04E80502408DF5C00CFA841 /* PlantRepresentation.swift */; };
		E04E80532409016700CFA841 /* Plant.swift in Sources */ = {isa = PBXBuildFile; fileRef = E04E80522409016700CFA841 /* Plant.swift */; };
		E04E80552409133900CFA841 /* WelcomeViewController.swift in Sources */ = {isa = PBXBuildFile; fileRef = E04E80542409133900CFA841 /* WelcomeViewController.swift */; };
		E04E8059240949FD00CFA841 /* MyPlantsDetailViewController.swift in Sources */ = {isa = PBXBuildFile; fileRef = E04E8058240949FD00CFA841 /* MyPlantsDetailViewController.swift */; };
		E04E805B24094A3A00CFA841 /* MyPlantsTableViewController.swift in Sources */ = {isa = PBXBuildFile; fileRef = E04E805A24094A3A00CFA841 /* MyPlantsTableViewController.swift */; };
/* End PBXBuildFile section */

/* Begin PBXFileReference section */
		1F1341102409918000C81B30 /* LoginViewController.swift */ = {isa = PBXFileReference; fileEncoding = 4; lastKnownFileType = sourcecode.swift; path = LoginViewController.swift; sourceTree = "<group>"; };
		1F4F3F87240A1AD300899646 /* Register.storyboard */ = {isa = PBXFileReference; lastKnownFileType = file.storyboard; path = Register.storyboard; sourceTree = "<group>"; };
		1F4F3F89240A1CE700899646 /* RegisterViewController.swift */ = {isa = PBXFileReference; lastKnownFileType = sourcecode.swift; path = RegisterViewController.swift; sourceTree = "<group>"; };
		1FBAF3C2240AE2DF00BD13EF /* Dashboard.storyboard */ = {isa = PBXFileReference; lastKnownFileType = file.storyboard; path = Dashboard.storyboard; sourceTree = "<group>"; };
		1FBEE2732408A10E000AD0A6 /* Water My Plants.app */ = {isa = PBXFileReference; explicitFileType = wrapper.application; includeInIndex = 0; path = "Water My Plants.app"; sourceTree = BUILT_PRODUCTS_DIR; };
		1FBEE2762408A10E000AD0A6 /* AppDelegate.swift */ = {isa = PBXFileReference; lastKnownFileType = sourcecode.swift; path = AppDelegate.swift; sourceTree = "<group>"; };
		1FBEE2782408A10E000AD0A6 /* SceneDelegate.swift */ = {isa = PBXFileReference; lastKnownFileType = sourcecode.swift; path = SceneDelegate.swift; sourceTree = "<group>"; };
		1FBEE27A2408A10E000AD0A6 /* ViewController.swift */ = {isa = PBXFileReference; lastKnownFileType = sourcecode.swift; path = ViewController.swift; sourceTree = "<group>"; };
		1FBEE27D2408A10E000AD0A6 /* Base */ = {isa = PBXFileReference; lastKnownFileType = file.storyboard; name = Base; path = Base.lproj/Main.storyboard; sourceTree = "<group>"; };
		1FBEE27F2408A112000AD0A6 /* Assets.xcassets */ = {isa = PBXFileReference; lastKnownFileType = folder.assetcatalog; path = Assets.xcassets; sourceTree = "<group>"; };
		1FBEE2822408A112000AD0A6 /* Base */ = {isa = PBXFileReference; lastKnownFileType = file.storyboard; name = Base; path = Base.lproj/LaunchScreen.storyboard; sourceTree = "<group>"; };
		1FBEE2842408A112000AD0A6 /* Info.plist */ = {isa = PBXFileReference; lastKnownFileType = text.plist.xml; path = Info.plist; sourceTree = "<group>"; };
		1FED49A32408B8FE00A717D2 /* CoreDataStack.swift */ = {isa = PBXFileReference; lastKnownFileType = sourcecode.swift; path = CoreDataStack.swift; sourceTree = "<group>"; };
		1FED49A52408B92500A717D2 /* Plant+Convenience.swift */ = {isa = PBXFileReference; lastKnownFileType = sourcecode.swift; path = "Plant+Convenience.swift"; sourceTree = "<group>"; };
		1FED49A72408B94B00A717D2 /* PlantController.swift */ = {isa = PBXFileReference; lastKnownFileType = sourcecode.swift; path = PlantController.swift; sourceTree = "<group>"; };
		E04E804E2408D5E800CFA841 /* Plants.xcdatamodel */ = {isa = PBXFileReference; lastKnownFileType = wrapper.xcdatamodel; path = Plants.xcdatamodel; sourceTree = "<group>"; };
		E04E80502408DF5C00CFA841 /* PlantRepresentation.swift */ = {isa = PBXFileReference; lastKnownFileType = sourcecode.swift; path = PlantRepresentation.swift; sourceTree = "<group>"; };
		E04E80522409016700CFA841 /* Plant.swift */ = {isa = PBXFileReference; lastKnownFileType = sourcecode.swift; path = Plant.swift; sourceTree = "<group>"; };
		E04E80542409133900CFA841 /* WelcomeViewController.swift */ = {isa = PBXFileReference; lastKnownFileType = sourcecode.swift; path = WelcomeViewController.swift; sourceTree = "<group>"; };
		E04E8058240949FD00CFA841 /* MyPlantsDetailViewController.swift */ = {isa = PBXFileReference; lastKnownFileType = sourcecode.swift; path = MyPlantsDetailViewController.swift; sourceTree = "<group>"; };
		E04E805A24094A3A00CFA841 /* MyPlantsTableViewController.swift */ = {isa = PBXFileReference; lastKnownFileType = sourcecode.swift; path = MyPlantsTableViewController.swift; sourceTree = "<group>"; };
/* End PBXFileReference section */

/* Begin PBXFrameworksBuildPhase section */
		1FBEE2702408A10E000AD0A6 /* Frameworks */ = {
			isa = PBXFrameworksBuildPhase;
			buildActionMask = 2147483647;
			files = (
			);
			runOnlyForDeploymentPostprocessing = 0;
		};
/* End PBXFrameworksBuildPhase section */

/* Begin PBXGroup section */
		1FBDB2092408A77F00ED107B /* Storyboards */ = {
			isa = PBXGroup;
			children = (
				1FBEE27C2408A10E000AD0A6 /* Main.storyboard */,
				1FBAF3C2240AE2DF00BD13EF /* Dashboard.storyboard */,
				1F4F3F87240A1AD300899646 /* Register.storyboard */,
				1FBEE2812408A112000AD0A6 /* LaunchScreen.storyboard */,
			);
			path = Storyboards;
			sourceTree = "<group>";
		};
		1FBEE26A2408A10E000AD0A6 = {
			isa = PBXGroup;
			children = (
				1FBEE2752408A10E000AD0A6 /* Water My Plants */,
				1FBEE2742408A10E000AD0A6 /* Products */,
			);
			sourceTree = "<group>";
		};
		1FBEE2742408A10E000AD0A6 /* Products */ = {
			isa = PBXGroup;
			children = (
				1FBEE2732408A10E000AD0A6 /* Water My Plants.app */,
			);
			name = Products;
			sourceTree = "<group>";
		};
		1FBEE2752408A10E000AD0A6 /* Water My Plants */ = {
			isa = PBXGroup;
			children = (
				1FBEE2762408A10E000AD0A6 /* AppDelegate.swift */,
				1FBEE2782408A10E000AD0A6 /* SceneDelegate.swift */,
				1FED49A92408B95C00A717D2 /* Controllers */,
				1FED499F2408B8D900A717D2 /* Models */,
				1FED499C2408B86300A717D2 /* ViewControllers */,
				1FBDB2092408A77F00ED107B /* Storyboards */,
				1FED49AA2408B98000A717D2 /* Assets */,
				1FBEE2842408A112000AD0A6 /* Info.plist */,
			);
			path = "Water My Plants";
			sourceTree = "<group>";
		};
		1FED499C2408B86300A717D2 /* ViewControllers */ = {
			isa = PBXGroup;
			children = (
				1FBEE27A2408A10E000AD0A6 /* ViewController.swift */,
				E04E80542409133900CFA841 /* WelcomeViewController.swift */,
				E04E8058240949FD00CFA841 /* MyPlantsDetailViewController.swift */,
				E04E805A24094A3A00CFA841 /* MyPlantsTableViewController.swift */,
				1F1341102409918000C81B30 /* LoginViewController.swift */,
				1F4F3F89240A1CE700899646 /* RegisterViewController.swift */,
			);
			path = ViewControllers;
			sourceTree = "<group>";
		};
		1FED499F2408B8D900A717D2 /* Models */ = {
			isa = PBXGroup;
			children = (
				E04E804D2408D5E800CFA841 /* Plants.xcdatamodeld */,
				1FED49A32408B8FE00A717D2 /* CoreDataStack.swift */,
				1FED49A52408B92500A717D2 /* Plant+Convenience.swift */,
				E04E80502408DF5C00CFA841 /* PlantRepresentation.swift */,
				E04E80522409016700CFA841 /* Plant.swift */,
			);
			path = Models;
			sourceTree = "<group>";
		};
		1FED49A92408B95C00A717D2 /* Controllers */ = {
			isa = PBXGroup;
			children = (
				1FED49A72408B94B00A717D2 /* PlantController.swift */,
			);
			path = Controllers;
			sourceTree = "<group>";
		};
		1FED49AA2408B98000A717D2 /* Assets */ = {
			isa = PBXGroup;
			children = (
				1FBEE27F2408A112000AD0A6 /* Assets.xcassets */,
			);
			path = Assets;
			sourceTree = "<group>";
		};
/* End PBXGroup section */

/* Begin PBXNativeTarget section */
		1FBEE2722408A10E000AD0A6 /* Water My Plants */ = {
			isa = PBXNativeTarget;
			buildConfigurationList = 1FBEE2872408A112000AD0A6 /* Build configuration list for PBXNativeTarget "Water My Plants" */;
			buildPhases = (
				1FBEE26F2408A10E000AD0A6 /* Sources */,
				1FBEE2702408A10E000AD0A6 /* Frameworks */,
				1FBEE2712408A10E000AD0A6 /* Resources */,
			);
			buildRules = (
			);
			dependencies = (
			);
			name = "Water My Plants";
			productName = "Water My Plants";
			productReference = 1FBEE2732408A10E000AD0A6 /* Water My Plants.app */;
			productType = "com.apple.product-type.application";
		};
/* End PBXNativeTarget section */

/* Begin PBXProject section */
		1FBEE26B2408A10E000AD0A6 /* Project object */ = {
			isa = PBXProject;
			attributes = {
				LastSwiftUpdateCheck = 1130;
				LastUpgradeCheck = 1130;
				ORGANIZATIONNAME = "Lambda School";
				TargetAttributes = {
					1FBEE2722408A10E000AD0A6 = {
						CreatedOnToolsVersion = 11.3.1;
					};
				};
			};
			buildConfigurationList = 1FBEE26E2408A10E000AD0A6 /* Build configuration list for PBXProject "Water My Plants" */;
			compatibilityVersion = "Xcode 9.3";
			developmentRegion = en;
			hasScannedForEncodings = 0;
			knownRegions = (
				en,
				Base,
			);
			mainGroup = 1FBEE26A2408A10E000AD0A6;
			productRefGroup = 1FBEE2742408A10E000AD0A6 /* Products */;
			projectDirPath = "";
			projectRoot = "";
			targets = (
				1FBEE2722408A10E000AD0A6 /* Water My Plants */,
			);
		};
/* End PBXProject section */

/* Begin PBXResourcesBuildPhase section */
		1FBEE2712408A10E000AD0A6 /* Resources */ = {
			isa = PBXResourcesBuildPhase;
			buildActionMask = 2147483647;
			files = (
				1FBEE2832408A112000AD0A6 /* LaunchScreen.storyboard in Resources */,
				1FBAF3C3240AE2DF00BD13EF /* Dashboard.storyboard in Resources */,
				1FBEE2802408A112000AD0A6 /* Assets.xcassets in Resources */,
				1FBEE27E2408A10E000AD0A6 /* Main.storyboard in Resources */,
				1F4F3F88240A1AD300899646 /* Register.storyboard in Resources */,
			);
			runOnlyForDeploymentPostprocessing = 0;
		};
/* End PBXResourcesBuildPhase section */

/* Begin PBXSourcesBuildPhase section */
		1FBEE26F2408A10E000AD0A6 /* Sources */ = {
			isa = PBXSourcesBuildPhase;
			buildActionMask = 2147483647;
			files = (
				1FBEE27B2408A10E000AD0A6 /* ViewController.swift in Sources */,
				E04E80552409133900CFA841 /* WelcomeViewController.swift in Sources */,
				E04E80532409016700CFA841 /* Plant.swift in Sources */,
				E04E80512408DF5C00CFA841 /* PlantRepresentation.swift in Sources */,
				1FBEE2772408A10E000AD0A6 /* AppDelegate.swift in Sources */,
				1FED49A62408B92500A717D2 /* Plant+Convenience.swift in Sources */,
				1FED49A82408B94B00A717D2 /* PlantController.swift in Sources */,
				E04E8059240949FD00CFA841 /* MyPlantsDetailViewController.swift in Sources */,
				1FED49A42408B8FE00A717D2 /* CoreDataStack.swift in Sources */,
				1F4F3F8A240A1CE700899646 /* RegisterViewController.swift in Sources */,
				E04E804F2408D5E800CFA841 /* Plants.xcdatamodeld in Sources */,
				1FBEE2792408A10E000AD0A6 /* SceneDelegate.swift in Sources */,
				1F1341112409918000C81B30 /* LoginViewController.swift in Sources */,
				E04E805B24094A3A00CFA841 /* MyPlantsTableViewController.swift in Sources */,
			);
			runOnlyForDeploymentPostprocessing = 0;
		};
/* End PBXSourcesBuildPhase section */

/* Begin PBXVariantGroup section */
		1FBEE27C2408A10E000AD0A6 /* Main.storyboard */ = {
			isa = PBXVariantGroup;
			children = (
				1FBEE27D2408A10E000AD0A6 /* Base */,
			);
			name = Main.storyboard;
			sourceTree = "<group>";
		};
		1FBEE2812408A112000AD0A6 /* LaunchScreen.storyboard */ = {
			isa = PBXVariantGroup;
			children = (
				1FBEE2822408A112000AD0A6 /* Base */,
			);
			name = LaunchScreen.storyboard;
			sourceTree = "<group>";
		};
/* End PBXVariantGroup section */

/* Begin XCBuildConfiguration section */
		1FBEE2852408A112000AD0A6 /* Debug */ = {
			isa = XCBuildConfiguration;
			buildSettings = {
				ALWAYS_SEARCH_USER_PATHS = NO;
				CLANG_ANALYZER_NONNULL = YES;
				CLANG_ANALYZER_NUMBER_OBJECT_CONVERSION = YES_AGGRESSIVE;
				CLANG_CXX_LANGUAGE_STANDARD = "gnu++14";
				CLANG_CXX_LIBRARY = "libc++";
				CLANG_ENABLE_MODULES = YES;
				CLANG_ENABLE_OBJC_ARC = YES;
				CLANG_ENABLE_OBJC_WEAK = YES;
				CLANG_WARN_BLOCK_CAPTURE_AUTORELEASING = YES;
				CLANG_WARN_BOOL_CONVERSION = YES;
				CLANG_WARN_COMMA = YES;
				CLANG_WARN_CONSTANT_CONVERSION = YES;
				CLANG_WARN_DEPRECATED_OBJC_IMPLEMENTATIONS = YES;
				CLANG_WARN_DIRECT_OBJC_ISA_USAGE = YES_ERROR;
				CLANG_WARN_DOCUMENTATION_COMMENTS = YES;
				CLANG_WARN_EMPTY_BODY = YES;
				CLANG_WARN_ENUM_CONVERSION = YES;
				CLANG_WARN_INFINITE_RECURSION = YES;
				CLANG_WARN_INT_CONVERSION = YES;
				CLANG_WARN_NON_LITERAL_NULL_CONVERSION = YES;
				CLANG_WARN_OBJC_IMPLICIT_RETAIN_SELF = YES;
				CLANG_WARN_OBJC_LITERAL_CONVERSION = YES;
				CLANG_WARN_OBJC_ROOT_CLASS = YES_ERROR;
				CLANG_WARN_RANGE_LOOP_ANALYSIS = YES;
				CLANG_WARN_STRICT_PROTOTYPES = YES;
				CLANG_WARN_SUSPICIOUS_MOVE = YES;
				CLANG_WARN_UNGUARDED_AVAILABILITY = YES_AGGRESSIVE;
				CLANG_WARN_UNREACHABLE_CODE = YES;
				CLANG_WARN__DUPLICATE_METHOD_MATCH = YES;
				COPY_PHASE_STRIP = NO;
				DEBUG_INFORMATION_FORMAT = dwarf;
				ENABLE_STRICT_OBJC_MSGSEND = YES;
				ENABLE_TESTABILITY = YES;
				GCC_C_LANGUAGE_STANDARD = gnu11;
				GCC_DYNAMIC_NO_PIC = NO;
				GCC_NO_COMMON_BLOCKS = YES;
				GCC_OPTIMIZATION_LEVEL = 0;
				GCC_PREPROCESSOR_DEFINITIONS = (
					"DEBUG=1",
					"$(inherited)",
				);
				GCC_WARN_64_TO_32_BIT_CONVERSION = YES;
				GCC_WARN_ABOUT_RETURN_TYPE = YES_ERROR;
				GCC_WARN_UNDECLARED_SELECTOR = YES;
				GCC_WARN_UNINITIALIZED_AUTOS = YES_AGGRESSIVE;
				GCC_WARN_UNUSED_FUNCTION = YES;
				GCC_WARN_UNUSED_VARIABLE = YES;
				IPHONEOS_DEPLOYMENT_TARGET = 13.2;
				MTL_ENABLE_DEBUG_INFO = INCLUDE_SOURCE;
				MTL_FAST_MATH = YES;
				ONLY_ACTIVE_ARCH = YES;
				SDKROOT = iphoneos;
				SWIFT_ACTIVE_COMPILATION_CONDITIONS = DEBUG;
				SWIFT_OPTIMIZATION_LEVEL = "-Onone";
			};
			name = Debug;
		};
		1FBEE2862408A112000AD0A6 /* Release */ = {
			isa = XCBuildConfiguration;
			buildSettings = {
				ALWAYS_SEARCH_USER_PATHS = NO;
				CLANG_ANALYZER_NONNULL = YES;
				CLANG_ANALYZER_NUMBER_OBJECT_CONVERSION = YES_AGGRESSIVE;
				CLANG_CXX_LANGUAGE_STANDARD = "gnu++14";
				CLANG_CXX_LIBRARY = "libc++";
				CLANG_ENABLE_MODULES = YES;
				CLANG_ENABLE_OBJC_ARC = YES;
				CLANG_ENABLE_OBJC_WEAK = YES;
				CLANG_WARN_BLOCK_CAPTURE_AUTORELEASING = YES;
				CLANG_WARN_BOOL_CONVERSION = YES;
				CLANG_WARN_COMMA = YES;
				CLANG_WARN_CONSTANT_CONVERSION = YES;
				CLANG_WARN_DEPRECATED_OBJC_IMPLEMENTATIONS = YES;
				CLANG_WARN_DIRECT_OBJC_ISA_USAGE = YES_ERROR;
				CLANG_WARN_DOCUMENTATION_COMMENTS = YES;
				CLANG_WARN_EMPTY_BODY = YES;
				CLANG_WARN_ENUM_CONVERSION = YES;
				CLANG_WARN_INFINITE_RECURSION = YES;
				CLANG_WARN_INT_CONVERSION = YES;
				CLANG_WARN_NON_LITERAL_NULL_CONVERSION = YES;
				CLANG_WARN_OBJC_IMPLICIT_RETAIN_SELF = YES;
				CLANG_WARN_OBJC_LITERAL_CONVERSION = YES;
				CLANG_WARN_OBJC_ROOT_CLASS = YES_ERROR;
				CLANG_WARN_RANGE_LOOP_ANALYSIS = YES;
				CLANG_WARN_STRICT_PROTOTYPES = YES;
				CLANG_WARN_SUSPICIOUS_MOVE = YES;
				CLANG_WARN_UNGUARDED_AVAILABILITY = YES_AGGRESSIVE;
				CLANG_WARN_UNREACHABLE_CODE = YES;
				CLANG_WARN__DUPLICATE_METHOD_MATCH = YES;
				COPY_PHASE_STRIP = NO;
				DEBUG_INFORMATION_FORMAT = "dwarf-with-dsym";
				ENABLE_NS_ASSERTIONS = NO;
				ENABLE_STRICT_OBJC_MSGSEND = YES;
				GCC_C_LANGUAGE_STANDARD = gnu11;
				GCC_NO_COMMON_BLOCKS = YES;
				GCC_WARN_64_TO_32_BIT_CONVERSION = YES;
				GCC_WARN_ABOUT_RETURN_TYPE = YES_ERROR;
				GCC_WARN_UNDECLARED_SELECTOR = YES;
				GCC_WARN_UNINITIALIZED_AUTOS = YES_AGGRESSIVE;
				GCC_WARN_UNUSED_FUNCTION = YES;
				GCC_WARN_UNUSED_VARIABLE = YES;
				IPHONEOS_DEPLOYMENT_TARGET = 13.2;
				MTL_ENABLE_DEBUG_INFO = NO;
				MTL_FAST_MATH = YES;
				SDKROOT = iphoneos;
				SWIFT_COMPILATION_MODE = wholemodule;
				SWIFT_OPTIMIZATION_LEVEL = "-O";
				VALIDATE_PRODUCT = YES;
			};
			name = Release;
		};
		1FBEE2882408A112000AD0A6 /* Debug */ = {
			isa = XCBuildConfiguration;
			buildSettings = {
				ASSETCATALOG_COMPILER_APPICON_NAME = AppIcon;
				CODE_SIGN_STYLE = Automatic;
				DEVELOPMENT_TEAM = FMU733F66G;
				INFOPLIST_FILE = "Water My Plants/Info.plist";
				LD_RUNPATH_SEARCH_PATHS = (
					"$(inherited)",
					"@executable_path/Frameworks",
				);
				PRODUCT_BUNDLE_IDENTIFIER = "com.alexthompson.Water-My-Plants";
				PRODUCT_NAME = "$(TARGET_NAME)";
				SWIFT_VERSION = 5.0;
				TARGETED_DEVICE_FAMILY = "1,2";
			};
			name = Debug;
		};
		1FBEE2892408A112000AD0A6 /* Release */ = {
			isa = XCBuildConfiguration;
			buildSettings = {
				ASSETCATALOG_COMPILER_APPICON_NAME = AppIcon;
				CODE_SIGN_STYLE = Automatic;
				DEVELOPMENT_TEAM = FMU733F66G;
				INFOPLIST_FILE = "Water My Plants/Info.plist";
				LD_RUNPATH_SEARCH_PATHS = (
					"$(inherited)",
					"@executable_path/Frameworks",
				);
				PRODUCT_BUNDLE_IDENTIFIER = "com.alexthompson.Water-My-Plants";
				PRODUCT_NAME = "$(TARGET_NAME)";
				SWIFT_VERSION = 5.0;
				TARGETED_DEVICE_FAMILY = "1,2";
			};
			name = Release;
		};
/* End XCBuildConfiguration section */

/* Begin XCConfigurationList section */
		1FBEE26E2408A10E000AD0A6 /* Build configuration list for PBXProject "Water My Plants" */ = {
			isa = XCConfigurationList;
			buildConfigurations = (
				1FBEE2852408A112000AD0A6 /* Debug */,
				1FBEE2862408A112000AD0A6 /* Release */,
			);
			defaultConfigurationIsVisible = 0;
			defaultConfigurationName = Release;
		};
		1FBEE2872408A112000AD0A6 /* Build configuration list for PBXNativeTarget "Water My Plants" */ = {
			isa = XCConfigurationList;
			buildConfigurations = (
				1FBEE2882408A112000AD0A6 /* Debug */,
				1FBEE2892408A112000AD0A6 /* Release */,
			);
			defaultConfigurationIsVisible = 0;
			defaultConfigurationName = Release;
		};
/* End XCConfigurationList section */

/* Begin XCVersionGroup section */
		E04E804D2408D5E800CFA841 /* Plants.xcdatamodeld */ = {
			isa = XCVersionGroup;
			children = (
				E04E804E2408D5E800CFA841 /* Plants.xcdatamodel */,
			);
			currentVersion = E04E804E2408D5E800CFA841 /* Plants.xcdatamodel */;
			path = Plants.xcdatamodeld;
			sourceTree = "<group>";
			versionGroupType = wrapper.xcdatamodel;
		};
/* End XCVersionGroup section */
	};
	rootObject = 1FBEE26B2408A10E000AD0A6 /* Project object */;
}
